
Microsoft Visual Studio Solution File, Format Version 12.00
# Visual Studio 14
VisualStudioVersion = 14.0.25420.1
MinimumVisualStudioVersion = 10.0.40219.1
Project("{FAE04EC0-301F-11D3-BF4B-00C04F79EFBC}") = "FileStorage", "FileStorage\FileStorage.csproj", "{87CECAF9-5F24-43DD-845E-FDF4AF83D149}"
EndProject
Project("{FAE04EC0-301F-11D3-BF4B-00C04F79EFBC}") = "DataAccessLayer", "DataAccessLayer\DataAccessLayer.csproj", "{A1C29634-EF27-4A89-BB7D-C66D2BC5452C}"
EndProject
Project("{FAE04EC0-301F-11D3-BF4B-00C04F79EFBC}") = "BusinessLogicLayer", "BusinessLogicLayer\BusinessLogicLayer.csproj", "{A7E655E1-0F51-48C9-BED5-6D08D782BB24}"
EndProject
Project("{FAE04EC0-301F-11D3-BF4B-00C04F79EFBC}") = "TestDAL", "TestDAL\TestDAL.csproj", "{7A051939-EF89-40F7-97F6-42AABB6248B2}"
EndProject
Global
	GlobalSection(SolutionConfigurationPlatforms) = preSolution
		Debug|Any CPU = Debug|Any CPU
		Release|Any CPU = Release|Any CPU
	EndGlobalSection
	GlobalSection(ProjectConfigurationPlatforms) = postSolution
		{87CECAF9-5F24-43DD-845E-FDF4AF83D149}.Debug|Any CPU.ActiveCfg = Debug|Any CPU
		{87CECAF9-5F24-43DD-845E-FDF4AF83D149}.Debug|Any CPU.Build.0 = Debug|Any CPU
		{87CECAF9-5F24-43DD-845E-FDF4AF83D149}.Release|Any CPU.ActiveCfg = Release|Any CPU
		{87CECAF9-5F24-43DD-845E-FDF4AF83D149}.Release|Any CPU.Build.0 = Release|Any CPU
		{A1C29634-EF27-4A89-BB7D-C66D2BC5452C}.Debug|Any CPU.ActiveCfg = Debug|Any CPU
		{A1C29634-EF27-4A89-BB7D-C66D2BC5452C}.Debug|Any CPU.Build.0 = Debug|Any CPU
		{A1C29634-EF27-4A89-BB7D-C66D2BC5452C}.Release|Any CPU.ActiveCfg = Release|Any CPU
		{A1C29634-EF27-4A89-BB7D-C66D2BC5452C}.Release|Any CPU.Build.0 = Release|Any CPU
		{A7E655E1-0F51-48C9-BED5-6D08D782BB24}.Debug|Any CPU.ActiveCfg = Debug|Any CPU
		{A7E655E1-0F51-48C9-BED5-6D08D782BB24}.Debug|Any CPU.Build.0 = Debug|Any CPU
		{A7E655E1-0F51-48C9-BED5-6D08D782BB24}.Release|Any CPU.ActiveCfg = Release|Any CPU
		{A7E655E1-0F51-48C9-BED5-6D08D782BB24}.Release|Any CPU.Build.0 = Release|Any CPU
		{7A051939-EF89-40F7-97F6-42AABB6248B2}.Debug|Any CPU.ActiveCfg = Debug|Any CPU
		{7A051939-EF89-40F7-97F6-42AABB6248B2}.Debug|Any CPU.Build.0 = Debug|Any CPU
		{7A051939-EF89-40F7-97F6-42AABB6248B2}.Release|Any CPU.ActiveCfg = Release|Any CPU
		{7A051939-EF89-40F7-97F6-42AABB6248B2}.Release|Any CPU.Build.0 = Release|Any CPU
	EndGlobalSection
	GlobalSection(SolutionProperties) = preSolution
		HideSolutionNode = FALSE
	EndGlobalSection
EndGlobal
