
Microsoft Visual Studio Solution File, Format Version 12.00
# Visual Studio 14
VisualStudioVersion = 14.0.25420.1
MinimumVisualStudioVersion = 10.0.40219.1
Project("{FAE04EC0-301F-11D3-BF4B-00C04F79EFBC}") = "Task01", "Task01\Task01.csproj", "{85175CA1-5C51-473B-8E99-E7BD6C479048}"
EndProject
Project("{FAE04EC0-301F-11D3-BF4B-00C04F79EFBC}") = "Task02", "Task02\Task02.csproj", "{9FB28D6B-987D-4D15-922F-FAF87178D4FE}"
EndProject
Project("{FAE04EC0-301F-11D3-BF4B-00C04F79EFBC}") = "Task03", "Task03\Task03.csproj", "{7B184AF4-5E5C-4E39-AFDA-AD020E5D6CB8}"
EndProject
Global
	GlobalSection(SolutionConfigurationPlatforms) = preSolution
		Debug|Any CPU = Debug|Any CPU
		Release|Any CPU = Release|Any CPU
	EndGlobalSection
	GlobalSection(ProjectConfigurationPlatforms) = postSolution
		{85175CA1-5C51-473B-8E99-E7BD6C479048}.Debug|Any CPU.ActiveCfg = Debug|Any CPU
		{85175CA1-5C51-473B-8E99-E7BD6C479048}.Debug|Any CPU.Build.0 = Debug|Any CPU
		{85175CA1-5C51-473B-8E99-E7BD6C479048}.Release|Any CPU.ActiveCfg = Release|Any CPU
		{85175CA1-5C51-473B-8E99-E7BD6C479048}.Release|Any CPU.Build.0 = Release|Any CPU
		{9FB28D6B-987D-4D15-922F-FAF87178D4FE}.Debug|Any CPU.ActiveCfg = Debug|Any CPU
		{9FB28D6B-987D-4D15-922F-FAF87178D4FE}.Debug|Any CPU.Build.0 = Debug|Any CPU
		{9FB28D6B-987D-4D15-922F-FAF87178D4FE}.Release|Any CPU.ActiveCfg = Release|Any CPU
		{9FB28D6B-987D-4D15-922F-FAF87178D4FE}.Release|Any CPU.Build.0 = Release|Any CPU
		{7B184AF4-5E5C-4E39-AFDA-AD020E5D6CB8}.Debug|Any CPU.ActiveCfg = Debug|Any CPU
		{7B184AF4-5E5C-4E39-AFDA-AD020E5D6CB8}.Debug|Any CPU.Build.0 = Debug|Any CPU
		{7B184AF4-5E5C-4E39-AFDA-AD020E5D6CB8}.Release|Any CPU.ActiveCfg = Release|Any CPU
		{7B184AF4-5E5C-4E39-AFDA-AD020E5D6CB8}.Release|Any CPU.Build.0 = Release|Any CPU
	EndGlobalSection
	GlobalSection(SolutionProperties) = preSolution
		HideSolutionNode = FALSE
	EndGlobalSection
EndGlobal
