
Microsoft Visual Studio Solution File, Format Version 12.00
# Visual Studio 14
VisualStudioVersion = 14.0.25420.1
MinimumVisualStudioVersion = 10.0.40219.1
Project("{FAE04EC0-301F-11D3-BF4B-00C04F79EFBC}") = "DataAccessLayer", "DAL\DataAccessLayer.csproj", "{6B9450DB-AEF2-4100-9ECC-E817280180A1}"
EndProject
Project("{FAE04EC0-301F-11D3-BF4B-00C04F79EFBC}") = "BLL", "BLL\BLL.csproj", "{B16106D5-9CB9-4301-B22D-0B2B10FA63B6}"
EndProject
Project("{FAE04EC0-301F-11D3-BF4B-00C04F79EFBC}") = "WebApplication", "WebApplication\WebApplication.csproj", "{196544B9-BDC4-4AB3-BBB3-0E9BD118DBF3}"
EndProject
Global
	GlobalSection(SolutionConfigurationPlatforms) = preSolution
		Debug|Any CPU = Debug|Any CPU
		Release|Any CPU = Release|Any CPU
	EndGlobalSection
	GlobalSection(ProjectConfigurationPlatforms) = postSolution
		{6B9450DB-AEF2-4100-9ECC-E817280180A1}.Debug|Any CPU.ActiveCfg = Debug|Any CPU
		{6B9450DB-AEF2-4100-9ECC-E817280180A1}.Debug|Any CPU.Build.0 = Debug|Any CPU
		{6B9450DB-AEF2-4100-9ECC-E817280180A1}.Release|Any CPU.ActiveCfg = Release|Any CPU
		{6B9450DB-AEF2-4100-9ECC-E817280180A1}.Release|Any CPU.Build.0 = Release|Any CPU
		{B16106D5-9CB9-4301-B22D-0B2B10FA63B6}.Debug|Any CPU.ActiveCfg = Debug|Any CPU
		{B16106D5-9CB9-4301-B22D-0B2B10FA63B6}.Debug|Any CPU.Build.0 = Debug|Any CPU
		{B16106D5-9CB9-4301-B22D-0B2B10FA63B6}.Release|Any CPU.ActiveCfg = Release|Any CPU
		{B16106D5-9CB9-4301-B22D-0B2B10FA63B6}.Release|Any CPU.Build.0 = Release|Any CPU
		{196544B9-BDC4-4AB3-BBB3-0E9BD118DBF3}.Debug|Any CPU.ActiveCfg = Debug|Any CPU
		{196544B9-BDC4-4AB3-BBB3-0E9BD118DBF3}.Debug|Any CPU.Build.0 = Debug|Any CPU
		{196544B9-BDC4-4AB3-BBB3-0E9BD118DBF3}.Release|Any CPU.ActiveCfg = Release|Any CPU
		{196544B9-BDC4-4AB3-BBB3-0E9BD118DBF3}.Release|Any CPU.Build.0 = Release|Any CPU
	EndGlobalSection
	GlobalSection(SolutionProperties) = preSolution
		HideSolutionNode = FALSE
	EndGlobalSection
EndGlobal
